
Microsoft Visual Studio Solution File, Format Version 12.00
# Visual Studio Version 17
VisualStudioVersion = 17.1.32328.378
MinimumVisualStudioVersion = 10.0.40219.1
Project("{FAE04EC0-301F-11D3-BF4B-00C04F79EFBC}") = "ControleDeJogos", "ControleDeJogos\ControleDeJogos.csproj", "{BE0AEC7B-632D-4402-A860-2A2FF388BC1C}"
EndProject
Global
	GlobalSection(SolutionConfigurationPlatforms) = preSolution
		Debug|Any CPU = Debug|Any CPU
		Release|Any CPU = Release|Any CPU
	EndGlobalSection
	GlobalSection(ProjectConfigurationPlatforms) = postSolution
		{BE0AEC7B-632D-4402-A860-2A2FF388BC1C}.Debug|Any CPU.ActiveCfg = Debug|Any CPU
		{BE0AEC7B-632D-4402-A860-2A2FF388BC1C}.Debug|Any CPU.Build.0 = Debug|Any CPU
		{BE0AEC7B-632D-4402-A860-2A2FF388BC1C}.Release|Any CPU.ActiveCfg = Release|Any CPU
		{BE0AEC7B-632D-4402-A860-2A2FF388BC1C}.Release|Any CPU.Build.0 = Release|Any CPU
	EndGlobalSection
	GlobalSection(SolutionProperties) = preSolution
		HideSolutionNode = FALSE
	EndGlobalSection
	GlobalSection(ExtensibilityGlobals) = postSolution
		SolutionGuid = {2E2F1EC5-9D30-48BE-8930-D3C9FD2D180D}
	EndGlobalSection
EndGlobal
