
Microsoft Visual Studio Solution File, Format Version 12.00
# Visual Studio Version 17
VisualStudioVersion = 17.1.32328.378
MinimumVisualStudioVersion = 10.0.40219.1
Project("{FAE04EC0-301F-11D3-BF4B-00C04F79EFBC}") = "TopicosGenericos", "TopicosGenericos\TopicosGenericos.csproj", "{6779969D-9E7F-4D22-A766-01E192A4E622}"
EndProject
Global
	GlobalSection(SolutionConfigurationPlatforms) = preSolution
		Debug|Any CPU = Debug|Any CPU
		Release|Any CPU = Release|Any CPU
	EndGlobalSection
	GlobalSection(ProjectConfigurationPlatforms) = postSolution
		{6779969D-9E7F-4D22-A766-01E192A4E622}.Debug|Any CPU.ActiveCfg = Debug|Any CPU
		{6779969D-9E7F-4D22-A766-01E192A4E622}.Debug|Any CPU.Build.0 = Debug|Any CPU
		{6779969D-9E7F-4D22-A766-01E192A4E622}.Release|Any CPU.ActiveCfg = Release|Any CPU
		{6779969D-9E7F-4D22-A766-01E192A4E622}.Release|Any CPU.Build.0 = Release|Any CPU
	EndGlobalSection
	GlobalSection(SolutionProperties) = preSolution
		HideSolutionNode = FALSE
	EndGlobalSection
	GlobalSection(ExtensibilityGlobals) = postSolution
		SolutionGuid = {C15F152A-EA6E-4F9B-ACAD-7A7333A73B61}
	EndGlobalSection
EndGlobal
