
Microsoft Visual Studio Solution File, Format Version 12.00
# Visual Studio Version 17
VisualStudioVersion = 17.1.32328.378
MinimumVisualStudioVersion = 10.0.40219.1
Project("{FAE04EC0-301F-11D3-BF4B-00C04F79EFBC}") = "NotaAlunoObj", "NotaAlunoObj\NotaAlunoObj.csproj", "{8FC6A83E-0E10-4358-9273-296AF52DDF82}"
EndProject
Global
	GlobalSection(SolutionConfigurationPlatforms) = preSolution
		Debug|Any CPU = Debug|Any CPU
		Release|Any CPU = Release|Any CPU
	EndGlobalSection
	GlobalSection(ProjectConfigurationPlatforms) = postSolution
		{8FC6A83E-0E10-4358-9273-296AF52DDF82}.Debug|Any CPU.ActiveCfg = Debug|Any CPU
		{8FC6A83E-0E10-4358-9273-296AF52DDF82}.Debug|Any CPU.Build.0 = Debug|Any CPU
		{8FC6A83E-0E10-4358-9273-296AF52DDF82}.Release|Any CPU.ActiveCfg = Release|Any CPU
		{8FC6A83E-0E10-4358-9273-296AF52DDF82}.Release|Any CPU.Build.0 = Release|Any CPU
	EndGlobalSection
	GlobalSection(SolutionProperties) = preSolution
		HideSolutionNode = FALSE
	EndGlobalSection
	GlobalSection(ExtensibilityGlobals) = postSolution
		SolutionGuid = {18EF5809-4C5A-4F57-ADB5-F275D0764C67}
	EndGlobalSection
EndGlobal
