
Microsoft Visual Studio Solution File, Format Version 12.00
# Visual Studio Version 17
VisualStudioVersion = 17.1.32328.378
MinimumVisualStudioVersion = 10.0.40219.1
Project("{FAE04EC0-301F-11D3-BF4B-00C04F79EFBC}") = "OrientacaoObj02", "OrientacaoObj02\OrientacaoObj02.csproj", "{D0E31FAE-7DD2-480F-A1A1-CA2669282B02}"
EndProject
Global
	GlobalSection(SolutionConfigurationPlatforms) = preSolution
		Debug|Any CPU = Debug|Any CPU
		Release|Any CPU = Release|Any CPU
	EndGlobalSection
	GlobalSection(ProjectConfigurationPlatforms) = postSolution
		{D0E31FAE-7DD2-480F-A1A1-CA2669282B02}.Debug|Any CPU.ActiveCfg = Debug|Any CPU
		{D0E31FAE-7DD2-480F-A1A1-CA2669282B02}.Debug|Any CPU.Build.0 = Debug|Any CPU
		{D0E31FAE-7DD2-480F-A1A1-CA2669282B02}.Release|Any CPU.ActiveCfg = Release|Any CPU
		{D0E31FAE-7DD2-480F-A1A1-CA2669282B02}.Release|Any CPU.Build.0 = Release|Any CPU
	EndGlobalSection
	GlobalSection(SolutionProperties) = preSolution
		HideSolutionNode = FALSE
	EndGlobalSection
	GlobalSection(ExtensibilityGlobals) = postSolution
		SolutionGuid = {1DDAC2FC-814C-471A-9B80-AA1E70DB7490}
	EndGlobalSection
EndGlobal
